
Microsoft Visual Studio Solution File, Format Version 12.00
# Visual Studio 15
VisualStudioVersion = 15.0.26730.16
MinimumVisualStudioVersion = 10.0.40219.1
Project("{FAE04EC0-301F-11D3-BF4B-00C04F79EFBC}") = "ICO.Core", "ICO.Core\ICO.Core.csproj", "{389342B9-5098-4941-90B2-8829882138B9}"
EndProject
Project("{FAE04EC0-301F-11D3-BF4B-00C04F79EFBC}") = "ICO.Services", "ICO.Services\ICO.Services.csproj", "{05633BB0-7568-48DD-B3C5-4148BF510302}"
EndProject
Project("{FAE04EC0-301F-11D3-BF4B-00C04F79EFBC}") = "ICO.Web", "ICO.Web\ICO.Web.csproj", "{4CD6E4B7-57FC-4860-9A3E-08980D33D397}"
EndProject
Global
	GlobalSection(SolutionConfigurationPlatforms) = preSolution
		Debug|Any CPU = Debug|Any CPU
		Release|Any CPU = Release|Any CPU
	EndGlobalSection
	GlobalSection(ProjectConfigurationPlatforms) = postSolution
		{389342B9-5098-4941-90B2-8829882138B9}.Debug|Any CPU.ActiveCfg = Debug|Any CPU
		{389342B9-5098-4941-90B2-8829882138B9}.Debug|Any CPU.Build.0 = Debug|Any CPU
		{389342B9-5098-4941-90B2-8829882138B9}.Release|Any CPU.ActiveCfg = Release|Any CPU
		{389342B9-5098-4941-90B2-8829882138B9}.Release|Any CPU.Build.0 = Release|Any CPU
		{05633BB0-7568-48DD-B3C5-4148BF510302}.Debug|Any CPU.ActiveCfg = Debug|Any CPU
		{05633BB0-7568-48DD-B3C5-4148BF510302}.Debug|Any CPU.Build.0 = Debug|Any CPU
		{05633BB0-7568-48DD-B3C5-4148BF510302}.Release|Any CPU.ActiveCfg = Release|Any CPU
		{05633BB0-7568-48DD-B3C5-4148BF510302}.Release|Any CPU.Build.0 = Release|Any CPU
		{4CD6E4B7-57FC-4860-9A3E-08980D33D397}.Debug|Any CPU.ActiveCfg = Debug|Any CPU
		{4CD6E4B7-57FC-4860-9A3E-08980D33D397}.Debug|Any CPU.Build.0 = Debug|Any CPU
		{4CD6E4B7-57FC-4860-9A3E-08980D33D397}.Release|Any CPU.ActiveCfg = Release|Any CPU
		{4CD6E4B7-57FC-4860-9A3E-08980D33D397}.Release|Any CPU.Build.0 = Release|Any CPU
	EndGlobalSection
	GlobalSection(SolutionProperties) = preSolution
		HideSolutionNode = FALSE
	EndGlobalSection
	GlobalSection(ExtensibilityGlobals) = postSolution
		SolutionGuid = {6C488B9A-5B8C-4D9F-A24C-F917D698CC9E}
	EndGlobalSection
EndGlobal
